<?xml version="1.0" encoding="utf-8"?>
<Project ToolsVersion="4.0" xmlns="http://schemas.microsoft.com/developer/msbuild/2003">
  <ItemGroup>
    <Filter Include="Source Files">
      <UniqueIdentifier>{4FC737F1-C7A5-4376-A066-2A32D752A2FF}</UniqueIdentifier>
      <Extensions>cpp;c;cc;cxx;c++;cppm;ixx;def;odl;idl;hpj;bat;asm;asmx</Extensions>
    </Filter>
    <Filter Include="Header Files">
      <UniqueIdentifier>{93995380-89BD-4b04-88EB-625FBE52EBFB}</UniqueIdentifier>
      <Extensions>h;hh;hpp;hxx;h++;hm;inl;inc;ipp;xsd</Extensions>
    </Filter>
    <Filter Include="Resource Files">
      <UniqueIdentifier>{67DA6AB6-F800-4c08-8B7A-83BB121AAD01}</UniqueIdentifier>
      <Extensions>rc;ico;cur;bmp;dlg;rc2;rct;bin;rgs;gif;jpg;jpeg;jpe;resx;tiff;tif;png;wav;mfcribbon-ms</Extensions>
    </Filter>
    <Filter Include="Shaders">
      <UniqueIdentifier>{cabc87ec-ec9a-4995-b7cf-ae7f35a614e9}</UniqueIdentifier>
      <Extensions>vert;frag;comp</Extensions>
    </Filter>
  </ItemGroup>
  <ItemGroup>
    <ClInclude Include="src\blob.h">
      <Filter>Source Files</Filter>
    </ClInclude>
    <ClInclude Include="src\shader_sources.h">
      <Filter>Source Files</Filter>
    </ClInclude>
    <ClInclude Include="src\blob_defines.h">
      <Filter>Source Files</Filter>
    </ClInclude>
    <ClInclude Include="src\blob_render.h">
      <Filter>Header Files</Filter>
    </ClInclude>
    <ClInclude Include="src\blob_models.h">
      <Filter>Header Files</Filter>
    </ClInclude>
    <ClInclude Include="src\primitives.h">
      <Filter>Header Files</Filter>
    </ClInclude>
    <ClInclude Include="src\shader.h">
      <Filter>Header Files</Filter>
    </ClInclude>
    <ClInclude Include="src\resource.h">
      <Filter>Header Files</Filter>
    </ClInclude>
    <ClInclude Include="src\skybox.h">
      <Filter>Header Files</Filter>
    </ClInclude>
    <ClInclude Include="src\fixed_array.h">
      <Filter>Header Files</Filter>
    </ClInclude>
    <ClInclude Include="src\resource_load.h">
      <Filter>Header Files</Filter>
    </ClInclude>
    <ClInclude Include="src\core.h">
      <Filter>Header Files</Filter>
    </ClInclude>
    <ClInclude Include="src\toml.h">
      <Filter>Header Files</Filter>
    </ClInclude>
    <ClInclude Include="src\level.h">
      <Filter>Header Files</Filter>
    </ClInclude>
    <ClInclude Include="src\int_map.h">
      <Filter>Header Files</Filter>
    </ClInclude>
    <ClInclude Include="src\HandmadeMath.h">
      <Filter>Header Files</Filter>
    </ClInclude>
    <ClInclude Include="src\ecs.h">
      <Filter>Header Files</Filter>
    </ClInclude>
    <ClInclude Include="src\enemies\floater.h">
      <Filter>Header Files</Filter>
    </ClInclude>
    <ClInclude Include="thirdparty\glad\glad.h">
      <Filter>Header Files</Filter>
    </ClInclude>
    <ClInclude Include="thirdparty\GLFW\glfw3.h">
      <Filter>Header Files</Filter>
    </ClInclude>
    <ClInclude Include="thirdparty\GLFW\glfw3native.h">
      <Filter>Header Files</Filter>
    </ClInclude>
    <ClInclude Include="thirdparty\KHR\khrplatform.h">
      <Filter>Header Files</Filter>
    </ClInclude>
    <ClInclude Include="thirdparty\stb\stb_image.h">
      <Filter>Header Files</Filter>
    </ClInclude>
    <ClInclude Include="src\player.h">
      <Filter>Header Files</Filter>
    </ClInclude>
    <ClInclude Include="src\creature.h">
      <Filter>Header Files</Filter>
    </ClInclude>
    <ClInclude Include="thirdparty\stb\stb_truetype.h">
      <Filter>Header Files</Filter>
    </ClInclude>
    <ClInclude Include="src\text.h">
      <Filter>Header Files</Filter>
    </ClInclude>
    <ClInclude Include="src\goop.h">
      <Filter>Header Files</Filter>
    </ClInclude>
  </ItemGroup>
  <ItemGroup>
    <ClCompile Include="src\main.c">
      <Filter>Source Files</Filter>
    </ClCompile>
    <ClCompile Include="src\blob.c">
      <Filter>Source Files</Filter>
    </ClCompile>
    <ClCompile Include="src\shader_sources.c">
      <Filter>Source Files</Filter>
    </ClCompile>
    <ClCompile Include="src\blob_render.c">
      <Filter>Source Files</Filter>
    </ClCompile>
    <ClCompile Include="src\shader.c">
      <Filter>Source Files</Filter>
    </ClCompile>
    <ClCompile Include="src\primitives.c">
      <Filter>Source Files</Filter>
    </ClCompile>
    <ClCompile Include="src\skybox.c">
      <Filter>Source Files</Filter>
    </ClCompile>
    <ClCompile Include="src\fixed_array.c">
      <Filter>Source Files</Filter>
    </ClCompile>
    <ClCompile Include="src\resource_load.c">
      <Filter>Source Files</Filter>
    </ClCompile>
    <ClCompile Include="src\core.c">
      <Filter>Source Files</Filter>
    </ClCompile>
    <ClCompile Include="src\toml.c">
      <Filter>Source Files</Filter>
    </ClCompile>
    <ClCompile Include="src\level.c">
      <Filter>Source Files</Filter>
    </ClCompile>
    <ClCompile Include="src\int_map.c">
      <Filter>Source Files</Filter>
    </ClCompile>
    <ClCompile Include="src\ecs.c">
      <Filter>Source Files</Filter>
    </ClCompile>
    <ClCompile Include="src\enemies\floater.c">
      <Filter>Source Files</Filter>
    </ClCompile>
    <ClCompile Include="thirdparty\glad\glad.c">
      <Filter>Source Files</Filter>
    </ClCompile>
    <ClCompile Include="thirdparty\stb\stb_image.c">
      <Filter>Source Files</Filter>
    </ClCompile>
    <ClCompile Include="src\player.c">
      <Filter>Source Files</Filter>
    </ClCompile>
    <ClCompile Include="thirdparty\stb\stb_truetype.c">
      <Filter>Source Files</Filter>
    </ClCompile>
    <ClCompile Include="src\text.c">
      <Filter>Source Files</Filter>
    </ClCompile>
    <ClCompile Include="src\goop.c">
      <Filter>Source Files</Filter>
    </ClCompile>
  </ItemGroup>
  <ItemGroup>
    <None Include="shaders\embed_shaders.py" />
    <None Include="shaders\compute_sdf.comp">
      <Filter>Shaders</Filter>
    </None>
    <None Include="shaders\raymarch.frag">
      <Filter>Shaders</Filter>
    </None>
    <None Include="shaders\raymarch.vert">
      <Filter>Shaders</Filter>
    </None>
    <None Include="shaders\skybox.frag">
      <Filter>Shaders</Filter>
    </None>
    <None Include="shaders\skybox.vert">
      <Filter>Shaders</Filter>
    </None>
    <None Include="shaders\glyph.frag">
      <Filter>Shaders</Filter>
    </None>
    <None Include="shaders\glyph.vert">
      <Filter>Shaders</Filter>
    </None>
  </ItemGroup>
  <ItemGroup>
    <ResourceCompile Include="src\resource.rc">
      <Filter>Resource Files</Filter>
    </ResourceCompile>
  </ItemGroup>
  <ItemGroup>
    <Natvis Include="src\blob_ot_node.natvis" />
  </ItemGroup>
</Project>